# THIS IS AN AUTOGENERATED FILE. DO NOT EDIT THIS FILE DIRECTLY.
# yarn lockfile v1


"@colors/colors@1.5.0":
  version "1.5.0"
  resolved "https://registry.yarnpkg.com/@colors/colors/-/colors-1.5.0.tgz#bb504579c1cae923e6576a4f5da43d25f97bdbd9"
  integrity sha512-ooWCrlZP11i8GImSjTHYHLkvFDP48nS4+204nGb1RiX/WXYHmJA2III9/e2DWVabCESdW7hBAEzHRqUn9OUVvQ==

"@cucumber/cucumber-expressions@17.1.0":
  version "17.1.0"
  resolved "https://registry.yarnpkg.com/@cucumber/cucumber-expressions/-/cucumber-expressions-17.1.0.tgz#1a428548a2c98ef3224bd484fc5666b4f7153a72"
  integrity sha512-PCv/ppsPynniKPWJr5v566daCVe+pbxQpHGrIu/Ev57cCH9Rv+X0F6lio4Id3Z64TaG7btCRLUGewIgLwmrwOA==
  dependencies:
    regexp-match-indices "1.0.2"

"@cucumber/gherkin-streams@5.0.1":
  version "5.0.1"
  resolved "https://registry.yarnpkg.com/@cucumber/gherkin-streams/-/gherkin-streams-5.0.1.tgz#8c2142d295cd05644456be7282b4bd756c95c4cd"
  integrity sha512-/7VkIE/ASxIP/jd4Crlp4JHXqdNFxPGQokqWqsaCCiqBiu5qHoKMxcWNlp9njVL/n9yN4S08OmY3ZR8uC5x74Q==
  dependencies:
    commander "9.1.0"
    source-map-support "0.5.21"

"@cucumber/gherkin-utils@9.0.0":
  version "9.0.0"
  resolved "https://registry.yarnpkg.com/@cucumber/gherkin-utils/-/gherkin-utils-9.0.0.tgz#944c64c458742d8e73b750e5dde2cf56b161d674"
  integrity sha512-clk4q39uj7pztZuZtyI54V8lRsCUz0Y/p8XRjIeHh7ExeEztpWkp4ca9q1FjUOPfQQ8E7OgqFbqoQQXZ1Bx7fw==
  dependencies:
    "@cucumber/gherkin" "^28.0.0"
    "@cucumber/messages" "^24.0.0"
    "@teppeis/multimaps" "3.0.0"
    commander "12.0.0"
    source-map-support "^0.5.21"

"@cucumber/gherkin@29.0.0":
  version "29.0.0"
  resolved "https://registry.yarnpkg.com/@cucumber/gherkin/-/gherkin-29.0.0.tgz#97e1dfa3873bfea38d5c4786e07b9ac547de1329"
  integrity sha512-6t3V7fFsLlyhLSj4FS+fPz22pPVcFhFZ3QOP7otFYmkhZ4g1ierj5pf7fxJWvEsI555hGatg+Iql6cqK93RFUg==
  dependencies:
    "@cucumber/messages" "<=25"

"@cucumber/gherkin@^28.0.0":
  version "28.0.0"
  resolved "https://registry.yarnpkg.com/@cucumber/gherkin/-/gherkin-28.0.0.tgz#91246da622524807b21430c1692bedd319d3d4bb"
  integrity sha512-Ee6zJQq0OmIUPdW0mSnsCsrWA2PZAELNDPICD2pLfs0Oz7RAPgj80UsD2UCtqyAhw2qAR62aqlktKUlai5zl/A==
  dependencies:
    "@cucumber/messages" ">=19.1.4 <=24"

"@cucumber/html-formatter@21.7.0":
  version "21.7.0"
  resolved "https://registry.yarnpkg.com/@cucumber/html-formatter/-/html-formatter-21.7.0.tgz#a4413738c4476836c9917bf9652aa0a45b93ab81"
  integrity sha512-bv211aY8mErp6CdmhN426E+7KIsVIES4fGx5ASMlUzYWiMus6NhSdI9UL3Vswx8JXJMgySeIcJJKfznREUFLNA==

"@cucumber/messages@26.0.0":
  version "26.0.0"
  resolved "https://registry.yarnpkg.com/@cucumber/messages/-/messages-26.0.0.tgz#ac28dcbd43b3e953e960b62e12ac2eb3bc3193ad"
  integrity sha512-8czw2GfA1caaTKCnQJkpmly6bU2jwUmHfgH2wV9skVxr79O9UnzjCeCy36XGm87l97G+7AQ5GucsR8wYWu8Fbg==
  dependencies:
    "@types/uuid" "10.0.0"
    class-transformer "0.5.1"
    reflect-metadata "0.2.2"
    uuid "10.0.0"

"@cucumber/messages@<=25":
  version "25.0.1"
  resolved "https://registry.yarnpkg.com/@cucumber/messages/-/messages-25.0.1.tgz#551d416510e95c61ab970ee73fd7844a522ccbd5"
  integrity sha512-RjjhmzcauX5eYfcKns5pgenefDJQcfXE3ZDrVWdUDGcoaoyFVDmj+ZzQZWRWqFrfMjP3lKHJss6LtvIP/z+h8g==
  dependencies:
    "@types/uuid" "9.0.8"
    class-transformer "0.5.1"
    reflect-metadata "0.2.2"
    uuid "9.0.1"

"@cucumber/messages@>=19.1.4 <=24", "@cucumber/messages@^24.0.0":
  version "24.1.0"
  resolved "https://registry.yarnpkg.com/@cucumber/messages/-/messages-24.1.0.tgz#a212c97b0548144c3ccfae021a96d6c56d3841d3"
  integrity sha512-hxVHiBurORcobhVk80I9+JkaKaNXkW6YwGOEFIh/2aO+apAN+5XJgUUWjng9NwqaQrW1sCFuawLB1AuzmBaNdQ==
  dependencies:
    "@types/uuid" "9.0.8"
    class-transformer "0.5.1"
    reflect-metadata "0.2.1"
    uuid "9.0.1"

"@cucumber/tag-expressions@6.1.0":
  version "6.1.0"
  resolved "https://registry.yarnpkg.com/@cucumber/tag-expressions/-/tag-expressions-6.1.0.tgz#cb7af908bdb43669b7574c606f71fa707196e962"
  integrity sha512-+3DwRumrCJG27AtzCIL37A/X+A/gSfxOPLg8pZaruh5SLumsTmpvilwroVWBT2fPzmno/tGXypeK5a7NHU4RzA==

"@nodelib/fs.scandir@2.1.5":
  version "2.1.5"
  resolved "https://registry.yarnpkg.com/@nodelib/fs.scandir/-/fs.scandir-2.1.5.tgz#7619c2eb21b25483f6d167548b4cfd5a7488c3d5"
  integrity sha512-vq24Bq3ym5HEQm2NKCr3yXDwjc7vTsEThRDnkp2DK9p1uqLR+DHurm/NOTo0KG7HYHU7eppKZj3MyqYuMBf62g==
  dependencies:
    "@nodelib/fs.stat" "2.0.5"
    run-parallel "^1.1.9"

"@nodelib/fs.stat@2.0.5", "@nodelib/fs.stat@^2.0.2":
  version "2.0.5"
  resolved "https://registry.yarnpkg.com/@nodelib/fs.stat/-/fs.stat-2.0.5.tgz#5bd262af94e9d25bd1e71b05deed44876a222e8b"
  integrity sha512-RkhPPp2zrqDAQA/2jNhnztcPAlv64XdhIp7a7454A5ovI7Bukxgt7MX7udwAu3zg1DcpPU0rz3VV1SeaqvY4+A==

"@nodelib/fs.walk@^1.2.3":
  version "1.2.8"
  resolved "https://registry.yarnpkg.com/@nodelib/fs.walk/-/fs.walk-1.2.8.tgz#e95737e8bb6746ddedf69c556953494f196fe69a"
  integrity sha512-oGB+UxlgWcgQkgwo8GcEGwemoTFt3FIO9ababBmaGwXIoBKZ+GTy0pP185beGg7Llih/NSHSV2XAs1lnznocSg==
  dependencies:
    "@nodelib/fs.scandir" "2.1.5"
    fastq "^1.6.0"

"@playwright/test@^1.47.0":
  version "1.47.0"
  resolved "https://registry.yarnpkg.com/@playwright/test/-/test-1.47.0.tgz#69fc55b10754147cc20021afbfa05747d4961bf0"
  integrity sha512-SgAdlSwYVpToI4e/IH19IHHWvoijAYH5hu2MWSXptRypLSnzj51PcGD+rsOXFayde4P9ZLi+loXVwArg6IUkCA==
  dependencies:
    playwright "1.47.0"

"@teppeis/multimaps@3.0.0":
  version "3.0.0"
  resolved "https://registry.yarnpkg.com/@teppeis/multimaps/-/multimaps-3.0.0.tgz#bb9c3f8d569f589e548586fa0bbf423010ddfdc5"
  integrity sha512-ID7fosbc50TbT0MK0EG12O+gAP3W3Aa/Pz4DaTtQtEvlc9Odaqi0de+xuZ7Li2GtK4HzEX7IuRWS/JmZLksR3Q==

"@types/node@^22.5.4":
  version "22.5.4"
  resolved "https://registry.yarnpkg.com/@types/node/-/node-22.5.4.tgz#83f7d1f65bc2ed223bdbf57c7884f1d5a4fa84e8"
  integrity sha512-FDuKUJQm/ju9fT/SeX/6+gBzoPzlVCzfzmGkwKvRHQVxi4BntVbyIwf6a4Xn62mrvndLiml6z/UBXIdEVjQLXg==
  dependencies:
    undici-types "~6.19.2"

"@types/uuid@10.0.0":
  version "10.0.0"
  resolved "https://registry.yarnpkg.com/@types/uuid/-/uuid-10.0.0.tgz#e9c07fe50da0f53dc24970cca94d619ff03f6f6d"
  integrity sha512-7gqG38EyHgyP1S+7+xomFtL+ZNHcKv6DwNaCZmJmo1vgMugyF3TCnXVg4t1uk89mLNwnLtnY3TpOpCOyp1/xHQ==

"@types/uuid@9.0.8":
  version "9.0.8"
  resolved "https://registry.yarnpkg.com/@types/uuid/-/uuid-9.0.8.tgz#7545ba4fc3c003d6c756f651f3bf163d8f0f29ba"
  integrity sha512-jg+97EGIcY9AGHJJRaaPVgetKDsrTgbRjQ5Msgjh/DQKEFl0DtyRr/VCOyD1T2R1MNeWPK/u7JoGhlDZnKBAfA==

ansi-regex@^5.0.1:
  version "5.0.1"
  resolved "https://registry.yarnpkg.com/ansi-regex/-/ansi-regex-5.0.1.tgz#082cb2c89c9fe8659a311a53bd6a4dc5301db304"
  integrity sha512-quJQXlTSUGL2LH9SUXo8VwsY4soanhgo6LNSm84E1LBcE8s3O0wpdiRzyR9z/ZZJMlMWv37qOOb9pdJlMUEKFQ==

braces@^3.0.3:
  version "3.0.3"
  resolved "https://registry.yarnpkg.com/braces/-/braces-3.0.3.tgz#490332f40919452272d55a8480adc0c441358789"
  integrity sha512-yQbXgO/OSZVD2IsiLlro+7Hf6Q18EJrKSEsdoMzKePKXct3gvD8oLcOQdIzGupr5Fj+EDe8gO/lxc1BzfMpxvA==
  dependencies:
    fill-range "^7.1.1"

buffer-from@^1.0.0:
  version "1.1.2"
  resolved "https://registry.yarnpkg.com/buffer-from/-/buffer-from-1.1.2.tgz#2b146a6fd72e80b4f55d255f35ed59a3a9a41bd5"
  integrity sha512-E+XQCRwSbaaiChtv6k6Dwgc+bx+Bs6vuKJHHl5kox/BaKbhiXzqQOwK4cO22yElGp2OCmjwVhT3HmxgyPGnJfQ==

class-transformer@0.5.1:
  version "0.5.1"
  resolved "https://registry.yarnpkg.com/class-transformer/-/class-transformer-0.5.1.tgz#24147d5dffd2a6cea930a3250a677addf96ab336"
  integrity sha512-SQa1Ws6hUbfC98vKGxZH3KFY0Y1lm5Zm0SY8XX9zbK7FJCyVEac3ATW0RIpwzW+oOfmHE5PMPufDG9hCfoEOMw==

cli-table3@0.6.5:
  version "0.6.5"
  resolved "https://registry.yarnpkg.com/cli-table3/-/cli-table3-0.6.5.tgz#013b91351762739c16a9567c21a04632e449bf2f"
  integrity sha512-+W/5efTR7y5HRD7gACw9yQjqMVvEMLBHmboM/kPWam+H+Hmyrgjh6YncVKK122YZkXrLudzTuAukUw9FnMf7IQ==
  dependencies:
    string-width "^4.2.0"
  optionalDependencies:
    "@colors/colors" "1.5.0"

commander@12.0.0:
  version "12.0.0"
  resolved "https://registry.yarnpkg.com/commander/-/commander-12.0.0.tgz#b929db6df8546080adfd004ab215ed48cf6f2592"
  integrity sha512-MwVNWlYjDTtOjX5PiD7o5pK0UrFU/OYgcJfjjK4RaHZETNtjJqrZa9Y9ds88+A+f+d5lv+561eZ+yCKoS3gbAA==

commander@12.1.0:
  version "12.1.0"
  resolved "https://registry.yarnpkg.com/commander/-/commander-12.1.0.tgz#01423b36f501259fdaac4d0e4d60c96c991585d3"
  integrity sha512-Vw8qHK3bZM9y/P10u3Vib8o/DdkvA2OtPtZvD871QKjy74Wj1WSKFILMPRPSdUSx5RFK1arlJzEtA4PkFgnbuA==

commander@9.1.0:
  version "9.1.0"
  resolved "https://registry.yarnpkg.com/commander/-/commander-9.1.0.tgz#a6b263b2327f2e188c6402c42623327909f2dbec"
  integrity sha512-i0/MaqBtdbnJ4XQs4Pmyb+oFQl+q0lsAmokVUH92SlSw4fkeAcG3bVon+Qt7hmtF+u3Het6o4VgrcY3qAoEB6w==

emoji-regex@^8.0.0:
  version "8.0.0"
  resolved "https://registry.yarnpkg.com/emoji-regex/-/emoji-regex-8.0.0.tgz#e818fd69ce5ccfcb404594f842963bf53164cc37"
  integrity sha512-MSjYzcWNOA0ewAHpz0MxpYFvwg6yjy1NG3xteoqz644VCo/RPgnr1/GGt+ic3iJTzQ8Eu3TdM14SawnVUmGE6A==

fast-glob@^3.3.2:
  version "3.3.2"
  resolved "https://registry.yarnpkg.com/fast-glob/-/fast-glob-3.3.2.tgz#a904501e57cfdd2ffcded45e99a54fef55e46129"
  integrity sha512-oX2ruAFQwf/Orj8m737Y5adxDQO0LAB7/S5MnxCdTNDd4p6BsyIVsv9JQsATbTSq8KHRpLwIHbVlUNatxd+1Ow==
  dependencies:
    "@nodelib/fs.stat" "^2.0.2"
    "@nodelib/fs.walk" "^1.2.3"
    glob-parent "^5.1.2"
    merge2 "^1.3.0"
    micromatch "^4.0.4"

fastq@^1.6.0:
  version "1.17.1"
  resolved "https://registry.yarnpkg.com/fastq/-/fastq-1.17.1.tgz#2a523f07a4e7b1e81a42b91b8bf2254107753b47"
  integrity sha512-sRVD3lWVIXWg6By68ZN7vho9a1pQcN/WBFaAAsDDFzlJjvoGx0P8z7V1t72grFJfJhu3YPZBuu25f7Kaw2jN1w==
  dependencies:
    reusify "^1.0.4"

fill-range@^7.1.1:
  version "7.1.1"
  resolved "https://registry.yarnpkg.com/fill-range/-/fill-range-7.1.1.tgz#44265d3cac07e3ea7dc247516380643754a05292"
  integrity sha512-YsGpe3WHLK8ZYi4tWDg2Jy3ebRz2rXowDxnld4bkQB00cc/1Zw9AWnC0i9ztDJitivtQvaI9KaLyKrc+hBW0yg==
  dependencies:
    to-regex-range "^5.0.1"

fsevents@2.3.2:
  version "2.3.2"
  resolved "https://registry.yarnpkg.com/fsevents/-/fsevents-2.3.2.tgz#8a526f78b8fdf4623b709e0b975c52c24c02fd1a"
  integrity sha512-xiqMQR4xAeHTuB9uWm+fFRcIOgKBMiOBP+eXiyT7jsgVCq1bkVygt00oASowB7EdtpOHaaPgKt812P9ab+DDKA==

glob-parent@^5.1.2:
  version "5.1.2"
  resolved "https://registry.yarnpkg.com/glob-parent/-/glob-parent-5.1.2.tgz#869832c58034fe68a4093c17dc15e8340d8401c4"
  integrity sha512-AOIgSQCepiJYwP3ARnGx+5VnTu2HBYdzbGP45eLw1vr3zB3vZLeyed1sC9hnbcOc9/SrMyM5RPQrkGz4aS9Zow==
  dependencies:
    is-glob "^4.0.1"

is-extglob@^2.1.1:
  version "2.1.1"
  resolved "https://registry.yarnpkg.com/is-extglob/-/is-extglob-2.1.1.tgz#a88c02535791f02ed37c76a1b9ea9773c833f8c2"
  integrity sha512-SbKbANkN603Vi4jEZv49LeVJMn4yGwsbzZworEoyEiutsN3nJYdbO36zfhGJ6QEDpOZIFkDtnq5JRxmvl3jsoQ==

is-fullwidth-code-point@^3.0.0:
  version "3.0.0"
  resolved "https://registry.yarnpkg.com/is-fullwidth-code-point/-/is-fullwidth-code-point-3.0.0.tgz#f116f8064fe90b3f7844a38997c0b75051269f1d"
  integrity sha512-zymm5+u+sCsSWyD9qNaejV3DFvhCKclKdizYaJUuHA83RLjb7nSuGnddCHGv0hk+KY7BMAlsWeK4Ueg6EV6XQg==

is-glob@^4.0.1:
  version "4.0.3"
  resolved "https://registry.yarnpkg.com/is-glob/-/is-glob-4.0.3.tgz#64f61e42cbbb2eec2071a9dac0b28ba1e65d5084"
  integrity sha512-xelSayHH36ZgE7ZWhli7pW34hNbNl8Ojv5KVmkJD4hBdD3th8Tfk9vYasLM+mXWOZhFkgZfxhLSnrwRr4elSSg==
  dependencies:
    is-extglob "^2.1.1"

is-number@^7.0.0:
  version "7.0.0"
  resolved "https://registry.yarnpkg.com/is-number/-/is-number-7.0.0.tgz#7535345b896734d5f80c4d06c50955527a14f12b"
  integrity sha512-41Cifkg6e8TylSpdtTpeLVMqvSBEVzTttHvERD741+pnZ8ANv0004MRL43QKPDlK9cGvNp6NZWZUBlbGXYxxng==

merge2@^1.3.0:
  version "1.4.1"
  resolved "https://registry.yarnpkg.com/merge2/-/merge2-1.4.1.tgz#4368892f885e907455a6fd7dc55c0c9d404990ae"
  integrity sha512-8q7VEgMJW4J8tcfVPy8g09NcQwZdbwFEqhe/WZkoIzjn/3TGDwtOCYtXGxA3O8tPzpczCCDgv+P2P5y00ZJOOg==

micromatch@^4.0.4:
  version "4.0.8"
  resolved "https://registry.yarnpkg.com/micromatch/-/micromatch-4.0.8.tgz#d66fa18f3a47076789320b9b1af32bd86d9fa202"
  integrity sha512-PXwfBhYu0hBCPw8Dn0E+WDYb7af3dSLVWKi3HGv84IdF4TyFoC0ysxFd0Goxw7nSv4T/PzEJQxsYsEiFCKo2BA==
  dependencies:
    braces "^3.0.3"
    picomatch "^2.3.1"

picomatch@^2.3.1:
  version "2.3.1"
  resolved "https://registry.yarnpkg.com/picomatch/-/picomatch-2.3.1.tgz#3ba3833733646d9d3e4995946c1365a67fb07a42"
  integrity sha512-JU3teHTNjmE2VCGFzuY8EXzCDVwEqB2a8fsIvwaStHhAWJEeVd1o1QD80CU6+ZdEXXSLbSsuLwJjkCBWqRQUVA==

playwright-bdd@^7.4.0:
  version "7.4.0"
  resolved "https://registry.yarnpkg.com/playwright-bdd/-/playwright-bdd-7.4.0.tgz#5200add68676c5e8f348c0f3c59d512fb625c534"
  integrity sha512-EYRyQwOgjX/rlQv3PUJ88+WekfFyFwLzcTI7R4P/rms/HgcEUCoddi+N/XfVN4FHfGUtko5rENaoMJllTfWfzw==
  dependencies:
    "@cucumber/cucumber-expressions" "17.1.0"
    "@cucumber/gherkin" "29.0.0"
    "@cucumber/gherkin-streams" "5.0.1"
    "@cucumber/gherkin-utils" "9.0.0"
    "@cucumber/html-formatter" "21.7.0"
    "@cucumber/messages" "26.0.0"
    "@cucumber/tag-expressions" "6.1.0"
    cli-table3 "0.6.5"
    commander "12.1.0"
    fast-glob "^3.3.2"
    xmlbuilder "15.1.1"

playwright-core@1.47.0:
  version "1.47.0"
  resolved "https://registry.yarnpkg.com/playwright-core/-/playwright-core-1.47.0.tgz#b54ec060fd83e5c2e46b63986b5ebb5e96ace427"
  integrity sha512-1DyHT8OqkcfCkYUD9zzUTfg7EfTd+6a8MkD/NWOvjo0u/SCNd5YmY/lJwFvUZOxJbWNds+ei7ic2+R/cRz/PDg==

playwright@1.47.0:
  version "1.47.0"
  resolved "https://registry.yarnpkg.com/playwright/-/playwright-1.47.0.tgz#fb9b028883fad11362f9ff63ce7ba44bda0bf626"
  integrity sha512-jOWiRq2pdNAX/mwLiwFYnPHpEZ4rM+fRSQpRHwEwZlP2PUANvL3+aJOF/bvISMhFD30rqMxUB4RJx9aQbfh4Ww==
  dependencies:
    playwright-core "1.47.0"
  optionalDependencies:
    fsevents "2.3.2"

queue-microtask@^1.2.2:
  version "1.2.3"
  resolved "https://registry.yarnpkg.com/queue-microtask/-/queue-microtask-1.2.3.tgz#4929228bbc724dfac43e0efb058caf7b6cfb6243"
  integrity sha512-NuaNSa6flKT5JaSYQzJok04JzTL1CA6aGhv5rfLW3PgqA+M2ChpZQnAC8h8i4ZFkBS8X5RqkDBHA7r4hej3K9A==

reflect-metadata@0.2.1:
  version "0.2.1"
  resolved "https://registry.yarnpkg.com/reflect-metadata/-/reflect-metadata-0.2.1.tgz#8d5513c0f5ef2b4b9c3865287f3c0940c1f67f74"
  integrity sha512-i5lLI6iw9AU3Uu4szRNPPEkomnkjRTaVt9hy/bn5g/oSzekBSMeLZblcjP74AW0vBabqERLLIrz+gR8QYR54Tw==

reflect-metadata@0.2.2:
  version "0.2.2"
  resolved "https://registry.yarnpkg.com/reflect-metadata/-/reflect-metadata-0.2.2.tgz#400c845b6cba87a21f2c65c4aeb158f4fa4d9c5b"
  integrity sha512-urBwgfrvVP/eAyXx4hluJivBKzuEbSQs9rKWCrCkbSxNv8mxPcUZKeuoF3Uy4mJl3Lwprp6yy5/39VWigZ4K6Q==

regexp-match-indices@1.0.2:
  version "1.0.2"
  resolved "https://registry.yarnpkg.com/regexp-match-indices/-/regexp-match-indices-1.0.2.tgz#cf20054a6f7d5b3e116a701a7b00f82889d10da6"
  integrity sha512-DwZuAkt8NF5mKwGGER1EGh2PRqyvhRhhLviH+R8y8dIuaQROlUfXjt4s9ZTXstIsSkptf06BSvwcEmmfheJJWQ==
  dependencies:
    regexp-tree "^0.1.11"

regexp-tree@^0.1.11:
  version "0.1.27"
  resolved "https://registry.yarnpkg.com/regexp-tree/-/regexp-tree-0.1.27.tgz#2198f0ef54518ffa743fe74d983b56ffd631b6cd"
  integrity sha512-iETxpjK6YoRWJG5o6hXLwvjYAoW+FEZn9os0PD/b6AP6xQwsa/Y7lCVgIixBbUPMfhu+i2LtdeAqVTgGlQarfA==

reusify@^1.0.4:
  version "1.0.4"
  resolved "https://registry.yarnpkg.com/reusify/-/reusify-1.0.4.tgz#90da382b1e126efc02146e90845a88db12925d76"
  integrity sha512-U9nH88a3fc/ekCF1l0/UP1IosiuIjyTh7hBvXVMHYgVcfGvt897Xguj2UOLDeI5BG2m7/uwyaLVT6fbtCwTyzw==

run-parallel@^1.1.9:
  version "1.2.0"
  resolved "https://registry.yarnpkg.com/run-parallel/-/run-parallel-1.2.0.tgz#66d1368da7bdf921eb9d95bd1a9229e7f21a43ee"
  integrity sha512-5l4VyZR86LZ/lDxZTR6jqL8AFE2S0IFLMP26AbjsLVADxHdhB/c0GUsH+y39UfCi3dzz8OlQuPmnaJOMoDHQBA==
  dependencies:
    queue-microtask "^1.2.2"

source-map-support@0.5.21, source-map-support@^0.5.21:
  version "0.5.21"
  resolved "https://registry.yarnpkg.com/source-map-support/-/source-map-support-0.5.21.tgz#04fe7c7f9e1ed2d662233c28cb2b35b9f63f6e4f"
  integrity sha512-uBHU3L3czsIyYXKX88fdrGovxdSCoTGDRZ6SYXtSRxLZUzHg5P/66Ht6uoUlHu9EZod+inXhKo3qQgwXUT/y1w==
  dependencies:
    buffer-from "^1.0.0"
    source-map "^0.6.0"

source-map@^0.6.0:
  version "0.6.1"
  resolved "https://registry.yarnpkg.com/source-map/-/source-map-0.6.1.tgz#74722af32e9614e9c287a8d0bbde48b5e2f1a263"
  integrity sha512-UjgapumWlbMhkBgzT7Ykc5YXUT46F0iKu8SGXq0bcwP5dz/h0Plj6enJqjz1Zbq2l5WaqYnrVbwWOWMyF3F47g==

string-width@^4.2.0:
  version "4.2.3"
  resolved "https://registry.yarnpkg.com/string-width/-/string-width-4.2.3.tgz#269c7117d27b05ad2e536830a8ec895ef9c6d010"
  integrity sha512-wKyQRQpjJ0sIp62ErSZdGsjMJWsap5oRNihHhu6G7JVO/9jIB6UyevL+tXuOqrng8j/cxKTWyWUwvSTriiZz/g==
  dependencies:
    emoji-regex "^8.0.0"
    is-fullwidth-code-point "^3.0.0"
    strip-ansi "^6.0.1"

strip-ansi@^6.0.1:
  version "6.0.1"
  resolved "https://registry.yarnpkg.com/strip-ansi/-/strip-ansi-6.0.1.tgz#9e26c63d30f53443e9489495b2105d37b67a85d9"
  integrity sha512-Y38VPSHcqkFrCpFnQ9vuSXmquuv5oXOKpGeT6aGrr3o3Gc9AlVa6JBfUSOCnbxGGZF+/0ooI7KrPuUSztUdU5A==
  dependencies:
    ansi-regex "^5.0.1"

to-regex-range@^5.0.1:
  version "5.0.1"
  resolved "https://registry.yarnpkg.com/to-regex-range/-/to-regex-range-5.0.1.tgz#1648c44aae7c8d988a326018ed72f5b4dd0392e4"
  integrity sha512-65P7iz6X5yEr1cwcgvQxbbIw7Uk3gOy5dIdtZ4rDveLqhrdJP+Li/Hx6tyK0NEb+2GCyneCMJiGqrADCSNk8sQ==
  dependencies:
    is-number "^7.0.0"

undici-types@~6.19.2:
  version "6.19.8"
  resolved "https://registry.yarnpkg.com/undici-types/-/undici-types-6.19.8.tgz#35111c9d1437ab83a7cdc0abae2f26d88eda0a02"
  integrity sha512-ve2KP6f/JnbPBFyobGHuerC9g1FYGn/F8n1LWTwNxCEzd6IfqTwUQcNXgEtmmQ6DlRrC1hrSrBnCZPokRrDHjw==

uuid@10.0.0:
  version "10.0.0"
  resolved "https://registry.yarnpkg.com/uuid/-/uuid-10.0.0.tgz#5a95aa454e6e002725c79055fd42aaba30ca6294"
  integrity sha512-8XkAphELsDnEGrDxUOHB3RGvXz6TeuYSGEZBOjtTtPm2lwhGBjLgOzLHB63IUWfBpNucQjND6d3AOudO+H3RWQ==

uuid@9.0.1:
  version "9.0.1"
  resolved "https://registry.yarnpkg.com/uuid/-/uuid-9.0.1.tgz#e188d4c8853cc722220392c424cd637f32293f30"
  integrity sha512-b+1eJOlsR9K8HJpow9Ok3fiWOWSIcIzXodvv0rQjVoOVNpWMpxf1wZNpt4y9h10odCNrqnYp1OBzRktckBe3sA==

xmlbuilder@15.1.1:
  version "15.1.1"
  resolved "https://registry.yarnpkg.com/xmlbuilder/-/xmlbuilder-15.1.1.tgz#9dcdce49eea66d8d10b42cae94a79c3c8d0c2ec5"
  integrity sha512-yMqGBqtXyeN1e3TGYvgNgDVZ3j84W4cwkOXQswghol6APgZWaff9lnbvN7MHYJOiXsvGPXtjTYJEiC9J2wv9Eg==
